
Microsoft Visual Studio Solution File, Format Version 12.00
# Visual Studio Version 17
VisualStudioVersion = 17.10.34928.147
MinimumVisualStudioVersion = 10.0.40219.1
Project("{9A19103F-16F7-4668-BE54-9A1E7A4F7556}") = "PusherApp", "PusherApp\PusherApp.csproj", "{6E05954E-C16E-41C0-8324-483C2EE5B69B}"
EndProject
Project("{54435603-DBB4-11D2-8724-00A0C9A8B90C}") = "pusher", "pusher\pusher.vdproj", "{6D9F966B-4A72-4A91-B206-47D5B9CEBDEE}"
EndProject
Global
	GlobalSection(SolutionConfigurationPlatforms) = preSolution
		Debug|Any CPU = Debug|Any CPU
		Release|Any CPU = Release|Any CPU
	EndGlobalSection
	GlobalSection(ProjectConfigurationPlatforms) = postSolution
		{6E05954E-C16E-41C0-8324-483C2EE5B69B}.Debug|Any CPU.ActiveCfg = Debug|Any CPU
		{6E05954E-C16E-41C0-8324-483C2EE5B69B}.Debug|Any CPU.Build.0 = Debug|Any CPU
		{6E05954E-C16E-41C0-8324-483C2EE5B69B}.Release|Any CPU.ActiveCfg = Release|Any CPU
		{6E05954E-C16E-41C0-8324-483C2EE5B69B}.Release|Any CPU.Build.0 = Release|Any CPU
		{6D9F966B-4A72-4A91-B206-47D5B9CEBDEE}.Debug|Any CPU.ActiveCfg = Debug
		{6D9F966B-4A72-4A91-B206-47D5B9CEBDEE}.Release|Any CPU.ActiveCfg = Release
	EndGlobalSection
	GlobalSection(SolutionProperties) = preSolution
		HideSolutionNode = FALSE
	EndGlobalSection
	GlobalSection(ExtensibilityGlobals) = postSolution
		SolutionGuid = {97B922C3-E964-4012-A443-C4C4C6E1D336}
	EndGlobalSection
EndGlobal
